# This file is automatically @generated by Cargo.
# It is not intended for manual editing.
version = 4

[[package]]
name = "sudoc-backend-c"
version = "0.1.0"
dependencies = [
 "sudoc-ir",
 "sudoc-sdk",
 "sudoc-types",
]

[[package]]
name = "sudoc-backend-js"
version = "0.1.0"
dependencies = [
 "sudoc-ir",
 "sudoc-sdk",
 "sudoc-types",
]

[[package]]
name = "sudoc-backend-py"
version = "0.1.0"
dependencies = [
 "sudoc-ir",
 "sudoc-sdk",
 "sudoc-types",
]

[[package]]
name = "sudoc-backend-rs"
version = "0.1.0"
dependencies = [
 "sudoc-ir",
 "sudoc-sdk",
 "sudoc-types",
]

[[package]]
name = "sudoc-backend-swift"
version = "0.1.0"
dependencies = [
 "sudoc-ir",
 "sudoc-sdk",
 "sudoc-types",
]

[[package]]
name = "sudoc-backend-zig"
version = "0.1.0"
dependencies = [
 "sudoc-ir",
 "sudoc-sdk",
 "sudoc-types",
]

[[package]]
name = "sudoc-cli"
version = "0.1.0"
dependencies = [
 "sudoc-backend-c",
 "sudoc-backend-py",
 "sudoc-harness",
 "sudoc-ir",
 "sudoc-syntax",
 "sudoc-types",
]

[[package]]
name = "sudoc-harness"
version = "0.1.0"
dependencies = [
 "sudoc-backend-c",
 "sudoc-backend-js",
 "sudoc-backend-py",
 "sudoc-backend-rs",
 "sudoc-backend-swift",
 "sudoc-backend-zig",
 "sudoc-ir",
 "sudoc-sdk",
 "sudoc-types",
]

[[package]]
name = "sudoc-ir"
version = "0.1.0"
dependencies = [
 "sudoc-syntax",
]

[[package]]
name = "sudoc-sdk"
version = "0.1.0"
dependencies = [
 "sudoc-ir",
]

[[package]]
name = "sudoc-syntax"
version = "0.1.0"

[[package]]
name = "sudoc-types"
version = "0.1.0"
dependencies = [
 "sudoc-ir",
 "sudoc-syntax",
]
